{
  "name": "@akumzy/fs-watcher",
  "version": "0.0.6",
  "lockfileVersion": 1,
  "requires": true,
  "dependencies": {
    "@types/node": {
      "version": "11.9.5",
      "resolved": "https://registry.npmjs.org/@types/node/-/node-11.9.5.tgz",
      "integrity": "sha512-vVjM0SVzgaOUpflq4GYBvCpozes8OgIIS5gVXVka+OfK3hvnkC1i93U8WiY2OtNE4XUWyyy/86Kf6e0IHTQw1Q==",
      "dev": true
    },
    "ipc-node-go": {
      "version": "0.1.1",
      "resolved": "https://registry.npmjs.org/ipc-node-go/-/ipc-node-go-0.1.1.tgz",
      "integrity": "sha512-YXP78dKVNd6JQwsLYfpdUsDKGvMtV9u3mOOGij3TWJAO2RWjho3gVu+FyhZA8rz8MztE0uaKXyb6sV+1+3WnJA=="
    }
  }
}
